
Microsoft Visual Studio Solution File, Format Version 12.00
# Visual Studio Version 16
VisualStudioVersion = 16.0.31313.79
MinimumVisualStudioVersion = 10.0.40219.1
Project("{FAE04EC0-301F-11D3-BF4B-00C04F79EFBC}") = "TrailProduct", "TrailProduct\TrailProduct.csproj", "{E597A002-D502-4102-A0EE-386368368178}"
EndProject
Global
	GlobalSection(SolutionConfigurationPlatforms) = preSolution
		Debug|Any CPU = Debug|Any CPU
		Release|Any CPU = Release|Any CPU
	EndGlobalSection
	GlobalSection(ProjectConfigurationPlatforms) = postSolution
		{E597A002-D502-4102-A0EE-386368368178}.Debug|Any CPU.ActiveCfg = Debug|Any CPU
		{E597A002-D502-4102-A0EE-386368368178}.Debug|Any CPU.Build.0 = Debug|Any CPU
		{E597A002-D502-4102-A0EE-386368368178}.Release|Any CPU.ActiveCfg = Release|Any CPU
		{E597A002-D502-4102-A0EE-386368368178}.Release|Any CPU.Build.0 = Release|Any CPU
	EndGlobalSection
	GlobalSection(SolutionProperties) = preSolution
		HideSolutionNode = FALSE
	EndGlobalSection
	GlobalSection(ExtensibilityGlobals) = postSolution
		SolutionGuid = {8A9F5C7E-9D2E-46B6-9BDA-F7450B2D1323}
	EndGlobalSection
EndGlobal
